
Microsoft Visual Studio Solution File, Format Version 12.00
# Visual Studio Version 16
VisualStudioVersion = 16.0.29020.237
MinimumVisualStudioVersion = 10.0.40219.1
Project("{FAE04EC0-301F-11D3-BF4B-00C04F79EFBC}") = "LaboratorioBogado", "LaboratorioBogado.csproj", "{BEF82BAB-1BCE-4485-9393-B89FE854C197}"
EndProject
Global
	GlobalSection(SolutionConfigurationPlatforms) = preSolution
		Debug|Any CPU = Debug|Any CPU
		Release|Any CPU = Release|Any CPU
	EndGlobalSection
	GlobalSection(ProjectConfigurationPlatforms) = postSolution
		{BEF82BAB-1BCE-4485-9393-B89FE854C197}.Debug|Any CPU.ActiveCfg = Debug|Any CPU
		{BEF82BAB-1BCE-4485-9393-B89FE854C197}.Debug|Any CPU.Build.0 = Debug|Any CPU
		{BEF82BAB-1BCE-4485-9393-B89FE854C197}.Release|Any CPU.ActiveCfg = Release|Any CPU
		{BEF82BAB-1BCE-4485-9393-B89FE854C197}.Release|Any CPU.Build.0 = Release|Any CPU
	EndGlobalSection
	GlobalSection(SolutionProperties) = preSolution
		HideSolutionNode = FALSE
	EndGlobalSection
	GlobalSection(ExtensibilityGlobals) = postSolution
		SolutionGuid = {5DC360CE-6186-48B5-8841-C9419FB62771}
	EndGlobalSection
EndGlobal
